
Microsoft Visual Studio Solution File, Format Version 12.00
# Visual Studio Version 16
VisualStudioVersion = 16.0.29926.136
MinimumVisualStudioVersion = 10.0.40219.1
Project("{FAE04EC0-301F-11D3-BF4B-00C04F79EFBC}") = "trafficLights", "trafficLights\trafficLights.csproj", "{3427BD9C-A863-4205-AC13-0B6767673CEF}"
EndProject
Global
	GlobalSection(SolutionConfigurationPlatforms) = preSolution
		Debug|Any CPU = Debug|Any CPU
		Release|Any CPU = Release|Any CPU
	EndGlobalSection
	GlobalSection(ProjectConfigurationPlatforms) = postSolution
		{3427BD9C-A863-4205-AC13-0B6767673CEF}.Debug|Any CPU.ActiveCfg = Debug|Any CPU
		{3427BD9C-A863-4205-AC13-0B6767673CEF}.Debug|Any CPU.Build.0 = Debug|Any CPU
		{3427BD9C-A863-4205-AC13-0B6767673CEF}.Release|Any CPU.ActiveCfg = Release|Any CPU
		{3427BD9C-A863-4205-AC13-0B6767673CEF}.Release|Any CPU.Build.0 = Release|Any CPU
	EndGlobalSection
	GlobalSection(SolutionProperties) = preSolution
		HideSolutionNode = FALSE
	EndGlobalSection
	GlobalSection(ExtensibilityGlobals) = postSolution
		SolutionGuid = {CBAE7794-FD21-4A75-8FA0-02B779FCC35F}
	EndGlobalSection
EndGlobal
